hash: d83fd4fb28bc88658eb75c2830e613ad364c5d83c878ecd3b74a324afcb44bbc
updated: 2017-02-09T10:30:00.856645308-06:00
imports:
- name: golang.org/x/crypto
  version: 92783773f0d5c65e68a806909423bea53c78df01
  subpackages:
  - openpgp
- name: k8s.io/client-go
  version: 843f7c4f28b1f647f664f883697107d5c02c5acc
testImports: []
